{
  "name": "Front_Feo",
  "lockfileVersion": 3,
  "requires": true,
  "packages": {
    "": {
      "dependencies": {
        "sweetalert2": "^11.26.23"
      }
    },
    "node_modules/sweetalert2": {
      "version": "11.26.23",
      "resolved": "https://registry.npmjs.org/sweetalert2/-/sweetalert2-11.26.23.tgz",
      "integrity": "sha512-6Y6Auvk/gLUcVtPHWhDkJs+JCDraxAWNdITdIbOqeo3mZthVZT3XfDjrxcSHtElUz7DmF21oEqUCW2eWR15eDA==",
      "license": "MIT",
      "funding": {
        "type": "individual",
        "url": "https://github.com/sponsors/limonte"
      }
    }
  }
}
